{
  "object": {
    "pins": [
      {
        "package": "Path.swift",
        "repositoryURL": "https://github.com/mxcl/Path.swift.git",
        "state": {
          "branch": null,
          "revision": "dac007e907a4f4c565cfdc55a9ce148a761a11d5",
          "version": "0.16.3"
        }
      },
      {
        "package": "SwiftSyntax",
        "repositoryURL": "https://github.com/apple/swift-syntax.git",
        "state": {
          "branch": null,
          "revision": "3e3eb191fcdbecc6031522660c4ed6ce25282c25",
          "version": "0.50100.0"
        }
      }
    ]
  },
  "version": 1
}
